// !$*UTF8*$!
{
	archiveVersion = 1;
	classes = {
	};
	objectVersion = 56;
	objects = {

/* Begin PBXBuildFile section */
		CECFC2D52AA12650005230FF /* AppDelegate.swift in Sources */ = {isa = PBXBuildFile; fileRef = CECFC2D42AA12650005230FF /* AppDelegate.swift */; };
		CECFC2D72AA12650005230FF /* SceneDelegate.swift in Sources */ = {isa = PBXBuildFile; fileRef = CECFC2D62AA12650005230FF /* SceneDelegate.swift */; };
		CECFC2D92AA12650005230FF /* ViewController.swift in Sources */ = {isa = PBXBuildFile; fileRef = CECFC2D82AA12650005230FF /* ViewController.swift */; };
		CECFC2DE2AA12650005230FF /* Assets.xcassets in Resources */ = {isa = PBXBuildFile; fileRef = CECFC2DD2AA12650005230FF /* Assets.xcassets */; };
		CECFC2E12AA12650005230FF /* LaunchScreen.storyboard in Resources */ = {isa = PBXBuildFile; fileRef = CECFC2DF2AA12650005230FF /* LaunchScreen.storyboard */; };
		CECFC2E92AA1269F005230FF /* FutCell.swift in Sources */ = {isa = PBXBuildFile; fileRef = CECFC2E82AA1269F005230FF /* FutCell.swift */; };
		CECFC2EB2AA126B7005230FF /* Fut.swift in Sources */ = {isa = PBXBuildFile; fileRef = CECFC2EA2AA126B7005230FF /* Fut.swift */; };
		CECFC2F12AA127E2005230FF /* DetailViewController.swift in Sources */ = {isa = PBXBuildFile; fileRef = CECFC2F02AA127E2005230FF /* DetailViewController.swift */; };
		CECFC2F32AA12800005230FF /* Detail.storyboard in Resources */ = {isa = PBXBuildFile; fileRef = CECFC2F22AA12800005230FF /* Detail.storyboard */; };
/* End PBXBuildFile section */

/* Begin PBXFileReference section */
		CECFC2D12AA12650005230FF /* Muri.app */ = {isa = PBXFileReference; explicitFileType = wrapper.application; includeInIndex = 0; path = Muri.app; sourceTree = BUILT_PRODUCTS_DIR; };
		CECFC2D42AA12650005230FF /* AppDelegate.swift */ = {isa = PBXFileReference; lastKnownFileType = sourcecode.swift; path = AppDelegate.swift; sourceTree = "<group>"; };
		CECFC2D62AA12650005230FF /* SceneDelegate.swift */ = {isa = PBXFileReference; lastKnownFileType = sourcecode.swift; path = SceneDelegate.swift; sourceTree = "<group>"; };
		CECFC2D82AA12650005230FF /* ViewController.swift */ = {isa = PBXFileReference; lastKnownFileType = sourcecode.swift; path = ViewController.swift; sourceTree = "<group>"; };
		CECFC2DD2AA12650005230FF /* Assets.xcassets */ = {isa = PBXFileReference; lastKnownFileType = folder.assetcatalog; path = Assets.xcassets; sourceTree = "<group>"; };
		CECFC2E02AA12650005230FF /* Base */ = {isa = PBXFileReference; lastKnownFileType = file.storyboard; name = Base; path = Base.lproj/LaunchScreen.storyboard; sourceTree = "<group>"; };
		CECFC2E22AA12650005230FF /* Info.plist */ = {isa = PBXFileReference; lastKnownFileType = text.plist.xml; path = Info.plist; sourceTree = "<group>"; };
		CECFC2E82AA1269F005230FF /* FutCell.swift */ = {isa = PBXFileReference; lastKnownFileType = sourcecode.swift; path = FutCell.swift; sourceTree = "<group>"; };
		CECFC2EA2AA126B7005230FF /* Fut.swift */ = {isa = PBXFileReference; lastKnownFileType = sourcecode.swift; path = Fut.swift; sourceTree = "<group>"; };
		CECFC2F02AA127E2005230FF /* DetailViewController.swift */ = {isa = PBXFileReference; lastKnownFileType = sourcecode.swift; path = DetailViewController.swift; sourceTree = "<group>"; };
		CECFC2F22AA12800005230FF /* Detail.storyboard */ = {isa = PBXFileReference; lastKnownFileType = file.storyboard; path = Detail.storyboard; sourceTree = "<group>"; };
/* End PBXFileReference section */

/* Begin PBXFrameworksBuildPhase section */
		CECFC2CE2AA12650005230FF /* Frameworks */ = {
			isa = PBXFrameworksBuildPhase;
			buildActionMask = 2147483647;
			files = (
			);
			runOnlyForDeploymentPostprocessing = 0;
		};
/* End PBXFrameworksBuildPhase section */

/* Begin PBXGroup section */
		CECFC2C82AA12650005230FF = {
			isa = PBXGroup;
			children = (
				CECFC2D32AA12650005230FF /* Muri */,
				CECFC2D22AA12650005230FF /* Products */,
			);
			sourceTree = "<group>";
		};
		CECFC2D22AA12650005230FF /* Products */ = {
			isa = PBXGroup;
			children = (
				CECFC2D12AA12650005230FF /* Muri.app */,
			);
			name = Products;
			sourceTree = "<group>";
		};
		CECFC2D32AA12650005230FF /* Muri */ = {
			isa = PBXGroup;
			children = (
				CECFC2EC2AA127A5005230FF /* Detail */,
				CECFC2D42AA12650005230FF /* AppDelegate.swift */,
				CECFC2D62AA12650005230FF /* SceneDelegate.swift */,
				CECFC2D82AA12650005230FF /* ViewController.swift */,
				CECFC2E82AA1269F005230FF /* FutCell.swift */,
				CECFC2DD2AA12650005230FF /* Assets.xcassets */,
				CECFC2DF2AA12650005230FF /* LaunchScreen.storyboard */,
				CECFC2E22AA12650005230FF /* Info.plist */,
				CECFC2EA2AA126B7005230FF /* Fut.swift */,
			);
			path = Muri;
			sourceTree = "<group>";
		};
		CECFC2EC2AA127A5005230FF /* Detail */ = {
			isa = PBXGroup;
			children = (
				CECFC2F02AA127E2005230FF /* DetailViewController.swift */,
				CECFC2F22AA12800005230FF /* Detail.storyboard */,
			);
			path = Detail;
			sourceTree = "<group>";
		};
/* End PBXGroup section */

/* Begin PBXNativeTarget section */
		CECFC2D02AA12650005230FF /* Muri */ = {
			isa = PBXNativeTarget;
			buildConfigurationList = CECFC2E52AA12650005230FF /* Build configuration list for PBXNativeTarget "Muri" */;
			buildPhases = (
				CECFC2CD2AA12650005230FF /* Sources */,
				CECFC2CE2AA12650005230FF /* Frameworks */,
				CECFC2CF2AA12650005230FF /* Resources */,
			);
			buildRules = (
			);
			dependencies = (
			);
			name = Muri;
			productName = Muri;
			productReference = CECFC2D12AA12650005230FF /* Muri.app */;
			productType = "com.apple.product-type.application";
		};
/* End PBXNativeTarget section */

/* Begin PBXProject section */
		CECFC2C92AA12650005230FF /* Project object */ = {
			isa = PBXProject;
			attributes = {
				BuildIndependentTargetsInParallel = 1;
				LastSwiftUpdateCheck = 1430;
				LastUpgradeCheck = 1430;
				TargetAttributes = {
					CECFC2D02AA12650005230FF = {
						CreatedOnToolsVersion = 14.3;
					};
				};
			};
			buildConfigurationList = CECFC2CC2AA12650005230FF /* Build configuration list for PBXProject "Muri" */;
			compatibilityVersion = "Xcode 14.0";
			developmentRegion = en;
			hasScannedForEncodings = 0;
			knownRegions = (
				en,
				Base,
			);
			mainGroup = CECFC2C82AA12650005230FF;
			productRefGroup = CECFC2D22AA12650005230FF /* Products */;
			projectDirPath = "";
			projectRoot = "";
			targets = (
				CECFC2D02AA12650005230FF /* Muri */,
			);
		};
/* End PBXProject section */

/* Begin PBXResourcesBuildPhase section */
		CECFC2CF2AA12650005230FF /* Resources */ = {
			isa = PBXResourcesBuildPhase;
			buildActionMask = 2147483647;
			files = (
				CECFC2E12AA12650005230FF /* LaunchScreen.storyboard in Resources */,
				CECFC2DE2AA12650005230FF /* Assets.xcassets in Resources */,
				CECFC2F32AA12800005230FF /* Detail.storyboard in Resources */,
			);
			runOnlyForDeploymentPostprocessing = 0;
		};
/* End PBXResourcesBuildPhase section */

/* Begin PBXSourcesBuildPhase section */
		CECFC2CD2AA12650005230FF /* Sources */ = {
			isa = PBXSourcesBuildPhase;
			buildActionMask = 2147483647;
			files = (
				CECFC2D92AA12650005230FF /* ViewController.swift in Sources */,
				CECFC2EB2AA126B7005230FF /* Fut.swift in Sources */,
				CECFC2D52AA12650005230FF /* AppDelegate.swift in Sources */,
				CECFC2F12AA127E2005230FF /* DetailViewController.swift in Sources */,
				CECFC2D72AA12650005230FF /* SceneDelegate.swift in Sources */,
				CECFC2E92AA1269F005230FF /* FutCell.swift in Sources */,
			);
			runOnlyForDeploymentPostprocessing = 0;
		};
/* End PBXSourcesBuildPhase section */

/* Begin PBXVariantGroup section */
		CECFC2DF2AA12650005230FF /* LaunchScreen.storyboard */ = {
			isa = PBXVariantGroup;
			children = (
				CECFC2E02AA12650005230FF /* Base */,
			);
			name = LaunchScreen.storyboard;
			sourceTree = "<group>";
		};
/* End PBXVariantGroup section */

/* Begin XCBuildConfiguration section */
		CECFC2E32AA12650005230FF /* Debug */ = {
			isa = XCBuildConfiguration;
			buildSettings = {
				ALWAYS_SEARCH_USER_PATHS = NO;
				CLANG_ANALYZER_NONNULL = YES;
				CLANG_ANALYZER_NUMBER_OBJECT_CONVERSION = YES_AGGRESSIVE;
				CLANG_CXX_LANGUAGE_STANDARD = "gnu++20";
				CLANG_ENABLE_MODULES = YES;
				CLANG_ENABLE_OBJC_ARC = YES;
				CLANG_ENABLE_OBJC_WEAK = YES;
				CLANG_WARN_BLOCK_CAPTURE_AUTORELEASING = YES;
				CLANG_WARN_BOOL_CONVERSION = YES;
				CLANG_WARN_COMMA = YES;
				CLANG_WARN_CONSTANT_CONVERSION = YES;
				CLANG_WARN_DEPRECATED_OBJC_IMPLEMENTATIONS = YES;
				CLANG_WARN_DIRECT_OBJC_ISA_USAGE = YES_ERROR;
				CLANG_WARN_DOCUMENTATION_COMMENTS = YES;
				CLANG_WARN_EMPTY_BODY = YES;
				CLANG_WARN_ENUM_CONVERSION = YES;
				CLANG_WARN_INFINITE_RECURSION = YES;
				CLANG_WARN_INT_CONVERSION = YES;
				CLANG_WARN_NON_LITERAL_NULL_CONVERSION = YES;
				CLANG_WARN_OBJC_IMPLICIT_RETAIN_SELF = YES;
				CLANG_WARN_OBJC_LITERAL_CONVERSION = YES;
				CLANG_WARN_OBJC_ROOT_CLASS = YES_ERROR;
				CLANG_WARN_QUOTED_INCLUDE_IN_FRAMEWORK_HEADER = YES;
				CLANG_WARN_RANGE_LOOP_ANALYSIS = YES;
				CLANG_WARN_STRICT_PROTOTYPES = YES;
				CLANG_WARN_SUSPICIOUS_MOVE = YES;
				CLANG_WARN_UNGUARDED_AVAILABILITY = YES_AGGRESSIVE;
				CLANG_WARN_UNREACHABLE_CODE = YES;
				CLANG_WARN__DUPLICATE_METHOD_MATCH = YES;
				COPY_PHASE_STRIP = NO;
				DEBUG_INFORMATION_FORMAT = dwarf;
				ENABLE_STRICT_OBJC_MSGSEND = YES;
				ENABLE_TESTABILITY = YES;
				GCC_C_LANGUAGE_STANDARD = gnu11;
				GCC_DYNAMIC_NO_PIC = NO;
				GCC_NO_COMMON_BLOCKS = YES;
				GCC_OPTIMIZATION_LEVEL = 0;
				GCC_PREPROCESSOR_DEFINITIONS = (
					"DEBUG=1",
					"$(inherited)",
				);
				GCC_WARN_64_TO_32_BIT_CONVERSION = YES;
				GCC_WARN_ABOUT_RETURN_TYPE = YES_ERROR;
				GCC_WARN_UNDECLARED_SELECTOR = YES;
				GCC_WARN_UNINITIALIZED_AUTOS = YES_AGGRESSIVE;
				GCC_WARN_UNUSED_FUNCTION = YES;
				GCC_WARN_UNUSED_VARIABLE = YES;
				IPHONEOS_DEPLOYMENT_TARGET = 16.4;
				MTL_ENABLE_DEBUG_INFO = INCLUDE_SOURCE;
				MTL_FAST_MATH = YES;
				ONLY_ACTIVE_ARCH = YES;
				SDKROOT = iphoneos;
				SWIFT_ACTIVE_COMPILATION_CONDITIONS = DEBUG;
				SWIFT_OPTIMIZATION_LEVEL = "-Onone";
			};
			name = Debug;
		};
		CECFC2E42AA12650005230FF /* Release */ = {
			isa = XCBuildConfiguration;
			buildSettings = {
				ALWAYS_SEARCH_USER_PATHS = NO;
				CLANG_ANALYZER_NONNULL = YES;
				CLANG_ANALYZER_NUMBER_OBJECT_CONVERSION = YES_AGGRESSIVE;
				CLANG_CXX_LANGUAGE_STANDARD = "gnu++20";
				CLANG_ENABLE_MODULES = YES;
				CLANG_ENABLE_OBJC_ARC = YES;
				CLANG_ENABLE_OBJC_WEAK = YES;
				CLANG_WARN_BLOCK_CAPTURE_AUTORELEASING = YES;
				CLANG_WARN_BOOL_CONVERSION = YES;
				CLANG_WARN_COMMA = YES;
				CLANG_WARN_CONSTANT_CONVERSION = YES;
				CLANG_WARN_DEPRECATED_OBJC_IMPLEMENTATIONS = YES;
				CLANG_WARN_DIRECT_OBJC_ISA_USAGE = YES_ERROR;
				CLANG_WARN_DOCUMENTATION_COMMENTS = YES;
				CLANG_WARN_EMPTY_BODY = YES;
				CLANG_WARN_ENUM_CONVERSION = YES;
				CLANG_WARN_INFINITE_RECURSION = YES;
				CLANG_WARN_INT_CONVERSION = YES;
				CLANG_WARN_NON_LITERAL_NULL_CONVERSION = YES;
				CLANG_WARN_OBJC_IMPLICIT_RETAIN_SELF = YES;
				CLANG_WARN_OBJC_LITERAL_CONVERSION = YES;
				CLANG_WARN_OBJC_ROOT_CLASS = YES_ERROR;
				CLANG_WARN_QUOTED_INCLUDE_IN_FRAMEWORK_HEADER = YES;
				CLANG_WARN_RANGE_LOOP_ANALYSIS = YES;
				CLANG_WARN_STRICT_PROTOTYPES = YES;
				CLANG_WARN_SUSPICIOUS_MOVE = YES;
				CLANG_WARN_UNGUARDED_AVAILABILITY = YES_AGGRESSIVE;
				CLANG_WARN_UNREACHABLE_CODE = YES;
				CLANG_WARN__DUPLICATE_METHOD_MATCH = YES;
				COPY_PHASE_STRIP = NO;
				DEBUG_INFORMATION_FORMAT = "dwarf-with-dsym";
				ENABLE_NS_ASSERTIONS = NO;
				ENABLE_STRICT_OBJC_MSGSEND = YES;
				GCC_C_LANGUAGE_STANDARD = gnu11;
				GCC_NO_COMMON_BLOCKS = YES;
				GCC_WARN_64_TO_32_BIT_CONVERSION = YES;
				GCC_WARN_ABOUT_RETURN_TYPE = YES_ERROR;
				GCC_WARN_UNDECLARED_SELECTOR = YES;
				GCC_WARN_UNINITIALIZED_AUTOS = YES_AGGRESSIVE;
				GCC_WARN_UNUSED_FUNCTION = YES;
				GCC_WARN_UNUSED_VARIABLE = YES;
				IPHONEOS_DEPLOYMENT_TARGET = 16.4;
				MTL_ENABLE_DEBUG_INFO = NO;
				MTL_FAST_MATH = YES;
				SDKROOT = iphoneos;
				SWIFT_COMPILATION_MODE = wholemodule;
				SWIFT_OPTIMIZATION_LEVEL = "-O";
				VALIDATE_PRODUCT = YES;
			};
			name = Release;
		};
		CECFC2E62AA12650005230FF /* Debug */ = {
			isa = XCBuildConfiguration;
			buildSettings = {
				ASSETCATALOG_COMPILER_APPICON_NAME = AppIcon;
				ASSETCATALOG_COMPILER_GLOBAL_ACCENT_COLOR_NAME = AccentColor;
				CODE_SIGN_STYLE = Automatic;
				CURRENT_PROJECT_VERSION = 1;
				GENERATE_INFOPLIST_FILE = YES;
				INFOPLIST_FILE = Muri/Info.plist;
				INFOPLIST_KEY_UIApplicationSupportsIndirectInputEvents = YES;
				INFOPLIST_KEY_UILaunchStoryboardName = LaunchScreen;
				INFOPLIST_KEY_UIMainStoryboardFile = "";
				INFOPLIST_KEY_UISupportedInterfaceOrientations_iPad = "UIInterfaceOrientationPortrait UIInterfaceOrientationPortraitUpsideDown UIInterfaceOrientationLandscapeLeft UIInterfaceOrientationLandscapeRight";
				INFOPLIST_KEY_UISupportedInterfaceOrientations_iPhone = "UIInterfaceOrientationPortrait UIInterfaceOrientationLandscapeLeft UIInterfaceOrientationLandscapeRight";
				LD_RUNPATH_SEARCH_PATHS = (
					"$(inherited)",
					"@executable_path/Frameworks",
				);
				MARKETING_VERSION = 1.0;
				PRODUCT_BUNDLE_IDENTIFIER = nnt.Muri;
				PRODUCT_NAME = "$(TARGET_NAME)";
				SWIFT_EMIT_LOC_STRINGS = YES;
				SWIFT_VERSION = 5.0;
				TARGETED_DEVICE_FAMILY = "1,2";
			};
			name = Debug;
		};
		CECFC2E72AA12650005230FF /* Release */ = {
			isa = XCBuildConfiguration;
			buildSettings = {
				ASSETCATALOG_COMPILER_APPICON_NAME = AppIcon;
				ASSETCATALOG_COMPILER_GLOBAL_ACCENT_COLOR_NAME = AccentColor;
				CODE_SIGN_STYLE = Automatic;
				CURRENT_PROJECT_VERSION = 1;
				GENERATE_INFOPLIST_FILE = YES;
				INFOPLIST_FILE = Muri/Info.plist;
				INFOPLIST_KEY_UIApplicationSupportsIndirectInputEvents = YES;
				INFOPLIST_KEY_UILaunchStoryboardName = LaunchScreen;
				INFOPLIST_KEY_UIMainStoryboardFile = "";
				INFOPLIST_KEY_UISupportedInterfaceOrientations_iPad = "UIInterfaceOrientationPortrait UIInterfaceOrientationPortraitUpsideDown UIInterfaceOrientationLandscapeLeft UIInterfaceOrientationLandscapeRight";
				INFOPLIST_KEY_UISupportedInterfaceOrientations_iPhone = "UIInterfaceOrientationPortrait UIInterfaceOrientationLandscapeLeft UIInterfaceOrientationLandscapeRight";
				LD_RUNPATH_SEARCH_PATHS = (
					"$(inherited)",
					"@executable_path/Frameworks",
				);
				MARKETING_VERSION = 1.0;
				PRODUCT_BUNDLE_IDENTIFIER = nnt.Muri;
				PRODUCT_NAME = "$(TARGET_NAME)";
				SWIFT_EMIT_LOC_STRINGS = YES;
				SWIFT_VERSION = 5.0;
				TARGETED_DEVICE_FAMILY = "1,2";
			};
			name = Release;
		};
/* End XCBuildConfiguration section */

/* Begin XCConfigurationList section */
		CECFC2CC2AA12650005230FF /* Build configuration list for PBXProject "Muri" */ = {
			isa = XCConfigurationList;
			buildConfigurations = (
				CECFC2E32AA12650005230FF /* Debug */,
				CECFC2E42AA12650005230FF /* Release */,
			);
			defaultConfigurationIsVisible = 0;
			defaultConfigurationName = Release;
		};
		CECFC2E52AA12650005230FF /* Build configuration list for PBXNativeTarget "Muri" */ = {
			isa = XCConfigurationList;
			buildConfigurations = (
				CECFC2E62AA12650005230FF /* Debug */,
				CECFC2E72AA12650005230FF /* Release */,
			);
			defaultConfigurationIsVisible = 0;
			defaultConfigurationName = Release;
		};
/* End XCConfigurationList section */
	};
	rootObject = CECFC2C92AA12650005230FF /* Project object */;
}
